<?xml version="1.0" encoding="utf-8"?>
<Project ToolsVersion="4.0" xmlns="http://schemas.microsoft.com/developer/msbuild/2003">
  <ItemGroup>
    <Filter Include="Source">
      <UniqueIdentifier>{15b83601-7286-42d6-bb97-b917d18e8fee}</UniqueIdentifier>
    </Filter>
    <Filter Include="Source\ChironClasses">
      <UniqueIdentifier>{99679a2a-c93a-4912-917a-eda4ba931496}</UniqueIdentifier>
    </Filter>
    <Filter Include="Source\Auxiliar">
      <UniqueIdentifier>{97556bf5-f634-409a-9197-1b6a1396fc21}</UniqueIdentifier>
    </Filter>
  </ItemGroup>
  <ItemGroup>
    <ClCompile Include="Source\ChironClasses\Log.cpp">
      <Filter>Source\ChironClasses</Filter>
    </ClCompile>
    <ClCompile Include="Source\Auxiliar\Formatter.cpp">
      <Filter>Source\Auxiliar</Filter>
    </ClCompile>
    <ClCompile Include="Source\Application.cpp">
      <Filter>Source</Filter>
    </ClCompile>
    <ClCompile Include="Source\Pch.cpp">
      <Filter>Source</Filter>
    </ClCompile>
    <ClCompile Include="Source\Events\Event.cpp" />
    <ClCompile Include="Source\Events\KeyEvents\KeyEvent.cpp" />
    <ClCompile Include="Source\Events\KeyEvents\KeyPressedEvent.cpp" />
    <ClCompile Include="Source\Events\KeyEvents\KeyReleasedEvent.cpp" />
    <ClCompile Include="Source\Events\KeyEvents\KeyHoldedEvent.cpp" />
    <ClCompile Include="Source\Events\MouseEvents\MouseEvent.cpp" />
    <ClCompile Include="Source\Events\MouseEvents\MousePressedEvent.cpp" />
    <ClCompile Include="Source\Events\MouseEvents\MouseReleasedEvent.cpp" />
    <ClCompile Include="Source\Events\MouseEvents\MouseScrollEvent.cpp" />
    <ClCompile Include="Source\Events\MouseEvents\MouseMoveEvent.cpp" />
    <ClCompile Include="Source\Events\ApplicationEvent\ApplicationEvent.cpp" />
    <ClCompile Include="Source\Events\WindowEvents\WindowEvent.cpp" />
    <ClCompile Include="Source\Events\WindowEvents\WindowBorderlessEvent.cpp" />
    <ClCompile Include="Source\Events\WindowEvents\WindowCloseEvent.cpp" />
    <ClCompile Include="Source\Events\WindowEvents\WindowFullScreenEvent.cpp" />
    <ClCompile Include="Source\Events\WindowEvents\WindowResizedEvent.cpp" />
    <ClCompile Include="Source\Events\WindowEvents\WindowMovedEvent.cpp" />
  </ItemGroup>
  <ItemGroup>
    <ClInclude Include="Source\ChironClasses\Log.h">
      <Filter>Source\ChironClasses</Filter>
    </ClInclude>
    <ClInclude Include="Source\ChironClasses\ChironTodo.h">
      <Filter>Source\ChironClasses</Filter>
    </ClInclude>
    <ClInclude Include="Source\Auxiliar\Formatter.h">
      <Filter>Source\Auxiliar</Filter>
    </ClInclude>
    <ClInclude Include="ChironEngine.h" />
    <ClInclude Include="Source\Application.h">
      <Filter>Source</Filter>
    </ClInclude>
    <ClInclude Include="Source\Core.h">
      <Filter>Source</Filter>
    </ClInclude>
    <ClInclude Include="Source\Pch.h">
      <Filter>Source</Filter>
    </ClInclude>
    <ClInclude Include="Source\EntryPoint.h">
      <Filter>Source</Filter>
    </ClInclude>
    <ClInclude Include="Source\Events\Event.h" />
    <ClInclude Include="Source\Events\KeyEvents\KeyEvent.h" />
    <ClInclude Include="Source\Events\KeyEvents\KeyPressedEvent.h" />
    <ClInclude Include="Source\Events\KeyEvents\KeyReleasedEvent.h" />
    <ClInclude Include="Source\Events\KeyEvents\KeyHoldedEvent.h" />
    <ClInclude Include="Source\Events\MouseEvents\MouseEvent.h" />
    <ClInclude Include="Source\Events\MouseEvents\MousePressedEvent.h" />
    <ClInclude Include="Source\Events\MouseEvents\MouseReleasedEvent.h" />
    <ClInclude Include="Source\Events\MouseEvents\MouseScrollEvent.h" />
    <ClInclude Include="Source\Events\MouseEvents\MouseMoveEvent.h" />
    <ClInclude Include="Source\Events\ApplicationEvent\ApplicationEvent.h" />
    <ClInclude Include="Source\Events\WindowEvents\WindowEvent.h" />
    <ClInclude Include="Source\Events\WindowEvents\WindowBorderlessEvent.h" />
    <ClInclude Include="Source\Events\WindowEvents\WindowCloseEvent.h" />
    <ClInclude Include="Source\Events\WindowEvents\WindowFullScreenEvent.h" />
    <ClInclude Include="Source\Events\WindowEvents\WindowResizedEvent.h" />
    <ClInclude Include="Source\Events\WindowEvents\WindowMovedEvent.h" />
  </ItemGroup>
</Project>