<?xml version="1.0" encoding="utf-8"?>
<Project ToolsVersion="4.0" xmlns="http://schemas.microsoft.com/developer/msbuild/2003">
  <ItemGroup>
    <Filter Include="ImGui">
      <UniqueIdentifier>{66e4705e-730e-40b2-afb3-25fde56dd227}</UniqueIdentifier>
    </Filter>
    <Filter Include="assimp">
      <UniqueIdentifier>{82bda102-d325-405b-9ca9-18d268378574}</UniqueIdentifier>
    </Filter>
  </ItemGroup>
  <ItemGroup>
    <ClCompile Include="ImGui\ImGuizmo.cpp">
      <Filter>ImGui</Filter>
    </ClCompile>
    <ClCompile Include="ImGui\imgui.cpp">
      <Filter>ImGui</Filter>
    </ClCompile>
    <ClCompile Include="ImGui\imgui_bezier.cpp">
      <Filter>ImGui</Filter>
    </ClCompile>
    <ClCompile Include="ImGui\imgui_color_gradient.cpp">
      <Filter>ImGui</Filter>
    </ClCompile>
    <ClCompile Include="ImGui\imgui_demo.cpp">
      <Filter>ImGui</Filter>
    </ClCompile>
    <ClCompile Include="ImGui\imgui_draw.cpp">
      <Filter>ImGui</Filter>
    </ClCompile>
    <ClCompile Include="ImGui\imgui_tables.cpp">
      <Filter>ImGui</Filter>
    </ClCompile>
    <ClCompile Include="ImGui\imgui_widgets.cpp">
      <Filter>ImGui</Filter>
    </ClCompile>
    <ClCompile Include="ImGui\imgui_impl_dx12.cpp">
      <Filter>ImGui</Filter>
    </ClCompile>
    <ClCompile Include="ImGui\imgui_impl_win32.cpp">
      <Filter>ImGui</Filter>
    </ClCompile>
  </ItemGroup>
  <ItemGroup>
    <ClInclude Include="ImGui\ImGuizmo.h">
      <Filter>ImGui</Filter>
    </ClInclude>
    <ClInclude Include="ImGui\imstb_rectpack.h">
      <Filter>ImGui</Filter>
    </ClInclude>
    <ClInclude Include="ImGui\imstb_textedit.h">
      <Filter>ImGui</Filter>
    </ClInclude>
    <ClInclude Include="ImGui\imstb_truetype.h">
      <Filter>ImGui</Filter>
    </ClInclude>
    <ClInclude Include="ImGui\imconfig.h">
      <Filter>ImGui</Filter>
    </ClInclude>
    <ClInclude Include="ImGui\imgui.h">
      <Filter>ImGui</Filter>
    </ClInclude>
    <ClInclude Include="ImGui\imgui_bezier.h">
      <Filter>ImGui</Filter>
    </ClInclude>
    <ClInclude Include="ImGui\imgui_color_gradient.h">
      <Filter>ImGui</Filter>
    </ClInclude>
    <ClInclude Include="ImGui\imgui_internal.h">
      <Filter>ImGui</Filter>
    </ClInclude>
    <ClInclude Include="ImGui\imgui_impl_win32.h">
      <Filter>ImGui</Filter>
    </ClInclude>
    <ClInclude Include="ImGui\imgui_impl_dx12.h">
      <Filter>ImGui</Filter>
    </ClInclude>
    <ClInclude Include="assimp\assimp\aabb.h">
      <Filter>assimp</Filter>
    </ClInclude>
    <ClInclude Include="assimp\assimp\ai_assert.h">
      <Filter>assimp</Filter>
    </ClInclude>
    <ClInclude Include="assimp\assimp\port\AndroidJNI\AndroidJNIIOSystem.h">
      <Filter>assimp</Filter>
    </ClInclude>
    <ClInclude Include="assimp\assimp\anim.h">
      <Filter>assimp</Filter>
    </ClInclude>
    <ClInclude Include="assimp\assimp\AssertHandler.h">
      <Filter>assimp</Filter>
    </ClInclude>
    <ClInclude Include="assimp\assimp\Base64.hpp">
      <Filter>assimp</Filter>
    </ClInclude>
    <ClInclude Include="assimp\assimp\BaseImporter.h">
      <Filter>assimp</Filter>
    </ClInclude>
    <ClInclude Include="assimp\assimp\Bitmap.h">
      <Filter>assimp</Filter>
    </ClInclude>
    <ClInclude Include="assimp\assimp\BlobIOSystem.h">
      <Filter>assimp</Filter>
    </ClInclude>
    <ClInclude Include="assimp\assimp\port\AndroidJNI\BundledAssetIOSystem.h">
      <Filter>assimp</Filter>
    </ClInclude>
    <ClInclude Include="assimp\assimp\ByteSwapper.h">
      <Filter>assimp</Filter>
    </ClInclude>
    <ClInclude Include="assimp\assimp\camera.h">
      <Filter>assimp</Filter>
    </ClInclude>
    <ClInclude Include="assimp\assimp\cexport.h">
      <Filter>assimp</Filter>
    </ClInclude>
    <ClInclude Include="assimp\assimp\cfileio.h">
      <Filter>assimp</Filter>
    </ClInclude>
    <ClInclude Include="assimp\assimp\cimport.h">
      <Filter>assimp</Filter>
    </ClInclude>
    <ClInclude Include="assimp\assimp\ColladaMetaData.h">
      <Filter>assimp</Filter>
    </ClInclude>
    <ClInclude Include="assimp\assimp\color4.h">
      <Filter>assimp</Filter>
    </ClInclude>
    <ClInclude Include="assimp\assimp\commonMetaData.h">
      <Filter>assimp</Filter>
    </ClInclude>
    <ClInclude Include="assimp\assimp\CreateAnimMesh.h">
      <Filter>assimp</Filter>
    </ClInclude>
    <ClInclude Include="assimp\assimp\DefaultIOStream.h">
      <Filter>assimp</Filter>
    </ClInclude>
    <ClInclude Include="assimp\assimp\DefaultIOSystem.h">
      <Filter>assimp</Filter>
    </ClInclude>
    <ClInclude Include="assimp\assimp\DefaultLogger.hpp">
      <Filter>assimp</Filter>
    </ClInclude>
    <ClInclude Include="assimp\assimp\defs.h">
      <Filter>assimp</Filter>
    </ClInclude>
    <ClInclude Include="assimp\assimp\Exceptional.h">
      <Filter>assimp</Filter>
    </ClInclude>
    <ClInclude Include="assimp\assimp\Exporter.hpp">
      <Filter>assimp</Filter>
    </ClInclude>
    <ClInclude Include="assimp\assimp\fast_atof.h">
      <Filter>assimp</Filter>
    </ClInclude>
    <ClInclude Include="assimp\assimp\GenericProperty.h">
      <Filter>assimp</Filter>
    </ClInclude>
    <ClInclude Include="assimp\assimp\GltfMaterial.h">
      <Filter>assimp</Filter>
    </ClInclude>
    <ClInclude Include="assimp\assimp\Hash.h">
      <Filter>assimp</Filter>
    </ClInclude>
    <ClInclude Include="assimp\assimp\Importer.hpp">
      <Filter>assimp</Filter>
    </ClInclude>
    <ClInclude Include="assimp\assimp\importerdesc.h">
      <Filter>assimp</Filter>
    </ClInclude>
    <ClInclude Include="assimp\assimp\IOStream.hpp">
      <Filter>assimp</Filter>
    </ClInclude>
    <ClInclude Include="assimp\assimp\IOStreamBuffer.h">
      <Filter>assimp</Filter>
    </ClInclude>
    <ClInclude Include="assimp\assimp\IOSystem.hpp">
      <Filter>assimp</Filter>
    </ClInclude>
    <ClInclude Include="assimp\assimp\light.h">
      <Filter>assimp</Filter>
    </ClInclude>
    <ClInclude Include="assimp\assimp\LineSplitter.h">
      <Filter>assimp</Filter>
    </ClInclude>
    <ClInclude Include="assimp\assimp\LogAux.h">
      <Filter>assimp</Filter>
    </ClInclude>
    <ClInclude Include="assimp\assimp\Logger.hpp">
      <Filter>assimp</Filter>
    </ClInclude>
    <ClInclude Include="assimp\assimp\LogStream.hpp">
      <Filter>assimp</Filter>
    </ClInclude>
    <ClInclude Include="assimp\assimp\material.h">
      <Filter>assimp</Filter>
    </ClInclude>
    <ClInclude Include="assimp\assimp\MathFunctions.h">
      <Filter>assimp</Filter>
    </ClInclude>
    <ClInclude Include="assimp\assimp\matrix3x3.h">
      <Filter>assimp</Filter>
    </ClInclude>
    <ClInclude Include="assimp\assimp\matrix4x4.h">
      <Filter>assimp</Filter>
    </ClInclude>
    <ClInclude Include="assimp\assimp\MemoryIOWrapper.h">
      <Filter>assimp</Filter>
    </ClInclude>
    <ClInclude Include="assimp\assimp\mesh.h">
      <Filter>assimp</Filter>
    </ClInclude>
    <ClInclude Include="assimp\assimp\metadata.h">
      <Filter>assimp</Filter>
    </ClInclude>
    <ClInclude Include="assimp\assimp\NullLogger.hpp">
      <Filter>assimp</Filter>
    </ClInclude>
    <ClInclude Include="assimp\assimp\ObjMaterial.h">
      <Filter>assimp</Filter>
    </ClInclude>
    <ClInclude Include="assimp\assimp\ParsingUtils.h">
      <Filter>assimp</Filter>
    </ClInclude>
    <ClInclude Include="assimp\assimp\pbrmaterial.h">
      <Filter>assimp</Filter>
    </ClInclude>
    <ClInclude Include="assimp\assimp\Compiler\poppack1.h">
      <Filter>assimp</Filter>
    </ClInclude>
    <ClInclude Include="assimp\assimp\postprocess.h">
      <Filter>assimp</Filter>
    </ClInclude>
    <ClInclude Include="assimp\assimp\Profiler.h">
      <Filter>assimp</Filter>
    </ClInclude>
    <ClInclude Include="assimp\assimp\ProgressHandler.hpp">
      <Filter>assimp</Filter>
    </ClInclude>
    <ClInclude Include="assimp\assimp\Compiler\pstdint.h">
      <Filter>assimp</Filter>
    </ClInclude>
    <ClInclude Include="assimp\assimp\Compiler\pushpack1.h">
      <Filter>assimp</Filter>
    </ClInclude>
    <ClInclude Include="assimp\assimp\qnan.h">
      <Filter>assimp</Filter>
    </ClInclude>
    <ClInclude Include="assimp\assimp\quaternion.h">
      <Filter>assimp</Filter>
    </ClInclude>
    <ClInclude Include="assimp\assimp\RemoveComments.h">
      <Filter>assimp</Filter>
    </ClInclude>
    <ClInclude Include="assimp\assimp\scene.h">
      <Filter>assimp</Filter>
    </ClInclude>
    <ClInclude Include="assimp\assimp\SceneCombiner.h">
      <Filter>assimp</Filter>
    </ClInclude>
    <ClInclude Include="assimp\assimp\SGSpatialSort.h">
      <Filter>assimp</Filter>
    </ClInclude>
    <ClInclude Include="assimp\assimp\SkeletonMeshBuilder.h">
      <Filter>assimp</Filter>
    </ClInclude>
    <ClInclude Include="assimp\assimp\SmallVector.h">
      <Filter>assimp</Filter>
    </ClInclude>
    <ClInclude Include="assimp\assimp\SmoothingGroups.h">
      <Filter>assimp</Filter>
    </ClInclude>
    <ClInclude Include="assimp\assimp\SpatialSort.h">
      <Filter>assimp</Filter>
    </ClInclude>
    <ClInclude Include="assimp\assimp\StandardShapes.h">
      <Filter>assimp</Filter>
    </ClInclude>
    <ClInclude Include="assimp\assimp\StreamReader.h">
      <Filter>assimp</Filter>
    </ClInclude>
    <ClInclude Include="assimp\assimp\StreamWriter.h">
      <Filter>assimp</Filter>
    </ClInclude>
    <ClInclude Include="assimp\assimp\StringComparison.h">
      <Filter>assimp</Filter>
    </ClInclude>
    <ClInclude Include="assimp\assimp\StringUtils.h">
      <Filter>assimp</Filter>
    </ClInclude>
    <ClInclude Include="assimp\assimp\Subdivision.h">
      <Filter>assimp</Filter>
    </ClInclude>
    <ClInclude Include="assimp\assimp\texture.h">
      <Filter>assimp</Filter>
    </ClInclude>
    <ClInclude Include="assimp\assimp\TinyFormatter.h">
      <Filter>assimp</Filter>
    </ClInclude>
    <ClInclude Include="assimp\assimp\types.h">
      <Filter>assimp</Filter>
    </ClInclude>
    <ClInclude Include="assimp\assimp\vector2.h">
      <Filter>assimp</Filter>
    </ClInclude>
    <ClInclude Include="assimp\assimp\vector3.h">
      <Filter>assimp</Filter>
    </ClInclude>
    <ClInclude Include="assimp\assimp\version.h">
      <Filter>assimp</Filter>
    </ClInclude>
    <ClInclude Include="assimp\assimp\Vertex.h">
      <Filter>assimp</Filter>
    </ClInclude>
    <ClInclude Include="assimp\assimp\XmlParser.h">
      <Filter>assimp</Filter>
    </ClInclude>
    <ClInclude Include="assimp\assimp\XMLTools.h">
      <Filter>assimp</Filter>
    </ClInclude>
    <ClInclude Include="assimp\assimp\ZipArchiveIOSystem.h">
      <Filter>assimp</Filter>
    </ClInclude>
  </ItemGroup>
  <ItemGroup>
    <None Include="assimp\assimp\color4.inl">
      <Filter>assimp</Filter>
    </None>
    <None Include="assimp\assimp\material.inl">
      <Filter>assimp</Filter>
    </None>
    <None Include="assimp\assimp\matrix3x3.inl">
      <Filter>assimp</Filter>
    </None>
    <None Include="assimp\assimp\matrix4x4.inl">
      <Filter>assimp</Filter>
    </None>
    <None Include="assimp\assimp\quaternion.inl">
      <Filter>assimp</Filter>
    </None>
    <None Include="assimp\assimp\SmoothingGroups.inl">
      <Filter>assimp</Filter>
    </None>
    <None Include="assimp\assimp\vector2.inl">
      <Filter>assimp</Filter>
    </None>
    <None Include="assimp\assimp\vector3.inl">
      <Filter>assimp</Filter>
    </None>
  </ItemGroup>
</Project>