<?xml version="1.0" encoding="utf-8"?>
<Project ToolsVersion="4.0" xmlns="http://schemas.microsoft.com/developer/msbuild/2003">
  <ItemGroup>
    <Filter Include="ImGui">
      <UniqueIdentifier>{66e4705e-730e-40b2-afb3-25fde56dd227}</UniqueIdentifier>
    </Filter>
    <Filter Include="assimp">
      <UniqueIdentifier>{82bda102-d325-405b-9ca9-18d268378574}</UniqueIdentifier>
    </Filter>
  </ItemGroup>
  <ItemGroup>
    <ClCompile Include="ImGui\ImGuizmo.cpp">
      <Filter>ImGui</Filter>
    </ClCompile>
    <ClCompile Include="ImGui\imgui.cpp">
      <Filter>ImGui</Filter>
    </ClCompile>
    <ClCompile Include="ImGui\imgui_bezier.cpp">
      <Filter>ImGui</Filter>
    </ClCompile>
    <ClCompile Include="ImGui\imgui_color_gradient.cpp">
      <Filter>ImGui</Filter>
    </ClCompile>
    <ClCompile Include="ImGui\imgui_demo.cpp">
      <Filter>ImGui</Filter>
    </ClCompile>
    <ClCompile Include="ImGui\imgui_draw.cpp">
      <Filter>ImGui</Filter>
    </ClCompile>
    <ClCompile Include="ImGui\imgui_tables.cpp">
      <Filter>ImGui</Filter>
    </ClCompile>
    <ClCompile Include="ImGui\imgui_widgets.cpp">
      <Filter>ImGui</Filter>
    </ClCompile>
    <ClCompile Include="ImGui\imgui_impl_dx12.cpp">
      <Filter>ImGui</Filter>
    </ClCompile>
    <ClCompile Include="ImGui\imgui_impl_win32.cpp">
      <Filter>ImGui</Filter>
    </ClCompile>
  </ItemGroup>
  <ItemGroup>
    <ClInclude Include="ImGui\ImGuizmo.h">
      <Filter>ImGui</Filter>
    </ClInclude>
    <ClInclude Include="ImGui\imstb_rectpack.h">
      <Filter>ImGui</Filter>
    </ClInclude>
    <ClInclude Include="ImGui\imstb_textedit.h">
      <Filter>ImGui</Filter>
    </ClInclude>
    <ClInclude Include="ImGui\imstb_truetype.h">
      <Filter>ImGui</Filter>
    </ClInclude>
    <ClInclude Include="ImGui\imconfig.h">
      <Filter>ImGui</Filter>
    </ClInclude>
    <ClInclude Include="ImGui\imgui.h">
      <Filter>ImGui</Filter>
    </ClInclude>
    <ClInclude Include="ImGui\imgui_bezier.h">
      <Filter>ImGui</Filter>
    </ClInclude>
    <ClInclude Include="ImGui\imgui_color_gradient.h">
      <Filter>ImGui</Filter>
    </ClInclude>
    <ClInclude Include="ImGui\imgui_internal.h">
      <Filter>ImGui</Filter>
    </ClInclude>
    <ClInclude Include="ImGui\imgui_impl_win32.h">
      <Filter>ImGui</Filter>
    </ClInclude>
    <ClInclude Include="ImGui\imgui_impl_dx12.h">
      <Filter>ImGui</Filter>
    </ClInclude>
    <ClInclude Include="assimp\aabb.h">
      <Filter>assimp</Filter>
    </ClInclude>
    <ClInclude Include="assimp\ai_assert.h">
      <Filter>assimp</Filter>
    </ClInclude>
    <ClInclude Include="assimp\port\AndroidJNI\AndroidJNIIOSystem.h">
      <Filter>assimp</Filter>
    </ClInclude>
    <ClInclude Include="assimp\anim.h">
      <Filter>assimp</Filter>
    </ClInclude>
    <ClInclude Include="assimp\AssertHandler.h">
      <Filter>assimp</Filter>
    </ClInclude>
    <ClInclude Include="assimp\Base64.hpp">
      <Filter>assimp</Filter>
    </ClInclude>
    <ClInclude Include="assimp\BaseImporter.h">
      <Filter>assimp</Filter>
    </ClInclude>
    <ClInclude Include="assimp\Bitmap.h">
      <Filter>assimp</Filter>
    </ClInclude>
    <ClInclude Include="assimp\BlobIOSystem.h">
      <Filter>assimp</Filter>
    </ClInclude>
    <ClInclude Include="assimp\port\AndroidJNI\BundledAssetIOSystem.h">
      <Filter>assimp</Filter>
    </ClInclude>
    <ClInclude Include="assimp\ByteSwapper.h">
      <Filter>assimp</Filter>
    </ClInclude>
    <ClInclude Include="assimp\camera.h">
      <Filter>assimp</Filter>
    </ClInclude>
    <ClInclude Include="assimp\cexport.h">
      <Filter>assimp</Filter>
    </ClInclude>
    <ClInclude Include="assimp\cfileio.h">
      <Filter>assimp</Filter>
    </ClInclude>
    <ClInclude Include="assimp\cimport.h">
      <Filter>assimp</Filter>
    </ClInclude>
    <ClInclude Include="assimp\ColladaMetaData.h">
      <Filter>assimp</Filter>
    </ClInclude>
    <ClInclude Include="assimp\color4.h">
      <Filter>assimp</Filter>
    </ClInclude>
    <ClInclude Include="assimp\commonMetaData.h">
      <Filter>assimp</Filter>
    </ClInclude>
    <ClInclude Include="assimp\CreateAnimMesh.h">
      <Filter>assimp</Filter>
    </ClInclude>
    <ClInclude Include="assimp\DefaultIOStream.h">
      <Filter>assimp</Filter>
    </ClInclude>
    <ClInclude Include="assimp\DefaultIOSystem.h">
      <Filter>assimp</Filter>
    </ClInclude>
    <ClInclude Include="assimp\DefaultLogger.hpp">
      <Filter>assimp</Filter>
    </ClInclude>
    <ClInclude Include="assimp\defs.h">
      <Filter>assimp</Filter>
    </ClInclude>
    <ClInclude Include="assimp\Exceptional.h">
      <Filter>assimp</Filter>
    </ClInclude>
    <ClInclude Include="assimp\Exporter.hpp">
      <Filter>assimp</Filter>
    </ClInclude>
    <ClInclude Include="assimp\fast_atof.h">
      <Filter>assimp</Filter>
    </ClInclude>
    <ClInclude Include="assimp\GenericProperty.h">
      <Filter>assimp</Filter>
    </ClInclude>
    <ClInclude Include="assimp\GltfMaterial.h">
      <Filter>assimp</Filter>
    </ClInclude>
    <ClInclude Include="assimp\Hash.h">
      <Filter>assimp</Filter>
    </ClInclude>
    <ClInclude Include="assimp\Importer.hpp">
      <Filter>assimp</Filter>
    </ClInclude>
    <ClInclude Include="assimp\importerdesc.h">
      <Filter>assimp</Filter>
    </ClInclude>
    <ClInclude Include="assimp\IOStream.hpp">
      <Filter>assimp</Filter>
    </ClInclude>
    <ClInclude Include="assimp\IOStreamBuffer.h">
      <Filter>assimp</Filter>
    </ClInclude>
    <ClInclude Include="assimp\IOSystem.hpp">
      <Filter>assimp</Filter>
    </ClInclude>
    <ClInclude Include="assimp\light.h">
      <Filter>assimp</Filter>
    </ClInclude>
    <ClInclude Include="assimp\LineSplitter.h">
      <Filter>assimp</Filter>
    </ClInclude>
    <ClInclude Include="assimp\LogAux.h">
      <Filter>assimp</Filter>
    </ClInclude>
    <ClInclude Include="assimp\Logger.hpp">
      <Filter>assimp</Filter>
    </ClInclude>
    <ClInclude Include="assimp\LogStream.hpp">
      <Filter>assimp</Filter>
    </ClInclude>
    <ClInclude Include="assimp\material.h">
      <Filter>assimp</Filter>
    </ClInclude>
    <ClInclude Include="assimp\MathFunctions.h">
      <Filter>assimp</Filter>
    </ClInclude>
    <ClInclude Include="assimp\matrix3x3.h">
      <Filter>assimp</Filter>
    </ClInclude>
    <ClInclude Include="assimp\matrix4x4.h">
      <Filter>assimp</Filter>
    </ClInclude>
    <ClInclude Include="assimp\MemoryIOWrapper.h">
      <Filter>assimp</Filter>
    </ClInclude>
    <ClInclude Include="assimp\mesh.h">
      <Filter>assimp</Filter>
    </ClInclude>
    <ClInclude Include="assimp\metadata.h">
      <Filter>assimp</Filter>
    </ClInclude>
    <ClInclude Include="assimp\NullLogger.hpp">
      <Filter>assimp</Filter>
    </ClInclude>
    <ClInclude Include="assimp\ObjMaterial.h">
      <Filter>assimp</Filter>
    </ClInclude>
    <ClInclude Include="assimp\ParsingUtils.h">
      <Filter>assimp</Filter>
    </ClInclude>
    <ClInclude Include="assimp\pbrmaterial.h">
      <Filter>assimp</Filter>
    </ClInclude>
    <ClInclude Include="assimp\Compiler\poppack1.h">
      <Filter>assimp</Filter>
    </ClInclude>
    <ClInclude Include="assimp\postprocess.h">
      <Filter>assimp</Filter>
    </ClInclude>
    <ClInclude Include="assimp\Profiler.h">
      <Filter>assimp</Filter>
    </ClInclude>
    <ClInclude Include="assimp\ProgressHandler.hpp">
      <Filter>assimp</Filter>
    </ClInclude>
    <ClInclude Include="assimp\Compiler\pstdint.h">
      <Filter>assimp</Filter>
    </ClInclude>
    <ClInclude Include="assimp\Compiler\pushpack1.h">
      <Filter>assimp</Filter>
    </ClInclude>
    <ClInclude Include="assimp\qnan.h">
      <Filter>assimp</Filter>
    </ClInclude>
    <ClInclude Include="assimp\quaternion.h">
      <Filter>assimp</Filter>
    </ClInclude>
    <ClInclude Include="assimp\RemoveComments.h">
      <Filter>assimp</Filter>
    </ClInclude>
    <ClInclude Include="assimp\scene.h">
      <Filter>assimp</Filter>
    </ClInclude>
    <ClInclude Include="assimp\SceneCombiner.h">
      <Filter>assimp</Filter>
    </ClInclude>
    <ClInclude Include="assimp\SGSpatialSort.h">
      <Filter>assimp</Filter>
    </ClInclude>
    <ClInclude Include="assimp\SkeletonMeshBuilder.h">
      <Filter>assimp</Filter>
    </ClInclude>
    <ClInclude Include="assimp\SmallVector.h">
      <Filter>assimp</Filter>
    </ClInclude>
    <ClInclude Include="assimp\SmoothingGroups.h">
      <Filter>assimp</Filter>
    </ClInclude>
    <ClInclude Include="assimp\SpatialSort.h">
      <Filter>assimp</Filter>
    </ClInclude>
    <ClInclude Include="assimp\StandardShapes.h">
      <Filter>assimp</Filter>
    </ClInclude>
    <ClInclude Include="assimp\StreamReader.h">
      <Filter>assimp</Filter>
    </ClInclude>
    <ClInclude Include="assimp\StreamWriter.h">
      <Filter>assimp</Filter>
    </ClInclude>
    <ClInclude Include="assimp\StringComparison.h">
      <Filter>assimp</Filter>
    </ClInclude>
    <ClInclude Include="assimp\StringUtils.h">
      <Filter>assimp</Filter>
    </ClInclude>
    <ClInclude Include="assimp\Subdivision.h">
      <Filter>assimp</Filter>
    </ClInclude>
    <ClInclude Include="assimp\texture.h">
      <Filter>assimp</Filter>
    </ClInclude>
    <ClInclude Include="assimp\TinyFormatter.h">
      <Filter>assimp</Filter>
    </ClInclude>
    <ClInclude Include="assimp\types.h">
      <Filter>assimp</Filter>
    </ClInclude>
    <ClInclude Include="assimp\vector2.h">
      <Filter>assimp</Filter>
    </ClInclude>
    <ClInclude Include="assimp\vector3.h">
      <Filter>assimp</Filter>
    </ClInclude>
    <ClInclude Include="assimp\version.h">
      <Filter>assimp</Filter>
    </ClInclude>
    <ClInclude Include="assimp\Vertex.h">
      <Filter>assimp</Filter>
    </ClInclude>
    <ClInclude Include="assimp\XmlParser.h">
      <Filter>assimp</Filter>
    </ClInclude>
    <ClInclude Include="assimp\XMLTools.h">
      <Filter>assimp</Filter>
    </ClInclude>
    <ClInclude Include="assimp\ZipArchiveIOSystem.h">
      <Filter>assimp</Filter>
    </ClInclude>
  </ItemGroup>
  <ItemGroup>
    <None Include="assimp\color4.inl">
      <Filter>assimp</Filter>
    </None>
    <None Include="assimp\material.inl">
      <Filter>assimp</Filter>
    </None>
    <None Include="assimp\matrix3x3.inl">
      <Filter>assimp</Filter>
    </None>
    <None Include="assimp\matrix4x4.inl">
      <Filter>assimp</Filter>
    </None>
    <None Include="assimp\quaternion.inl">
      <Filter>assimp</Filter>
    </None>
    <None Include="assimp\SmoothingGroups.inl">
      <Filter>assimp</Filter>
    </None>
    <None Include="assimp\vector2.inl">
      <Filter>assimp</Filter>
    </None>
    <None Include="assimp\vector3.inl">
      <Filter>assimp</Filter>
    </None>
  </ItemGroup>
</Project>