<?xml version="1.0" encoding="utf-8"?>
<Project ToolsVersion="4.0" xmlns="http://schemas.microsoft.com/developer/msbuild/2003">
  <ItemGroup>
    <Filter Include="Source">
      <UniqueIdentifier>{15b83601-7286-42d6-bb97-b917d18e8fee}</UniqueIdentifier>
    </Filter>
    <Filter Include="Source\Auxiliar">
      <UniqueIdentifier>{97556bf5-f634-409a-9197-1b6a1396fc21}</UniqueIdentifier>
    </Filter>
    <Filter Include="Source\Enums">
      <UniqueIdentifier>{573ddcf0-674e-40b6-8dbd-748a165b7c6d}</UniqueIdentifier>
    </Filter>
    <Filter Include="Source\Modules">
      <UniqueIdentifier>{a0b08608-4da7-447d-a784-be83734fbdc6}</UniqueIdentifier>
    </Filter>
    <Filter Include="Source\DataModels">
      <UniqueIdentifier>{0ffecce9-bdf3-4972-939e-f1bf60a9d03b}</UniqueIdentifier>
    </Filter>
    <Filter Include="Source\DataModels\Programs">
      <UniqueIdentifier>{9f905e72-f312-4a1a-9a55-f0b4c056a823}</UniqueIdentifier>
    </Filter>
    <Filter Include="Source\DataModels\Timer">
      <UniqueIdentifier>{ca78081a-fcb7-4c47-85fd-f2f33fa5342a}</UniqueIdentifier>
    </Filter>
    <Filter Include="Source\DataModels\DX12">
      <UniqueIdentifier>{bbfa49a3-de7b-4fb1-a837-82536c1446e6}</UniqueIdentifier>
    </Filter>
    <Filter Include="Source\DataModels\DX12\CommandQueue">
      <UniqueIdentifier>{1ef625fa-ee5f-431b-8b35-a02fbd49e231}</UniqueIdentifier>
    </Filter>
    <Filter Include="Source\DataModels\DX12\UploadBuffer">
      <UniqueIdentifier>{d83e0e69-b6d5-4255-8604-b4f4335fdb66}</UniqueIdentifier>
    </Filter>
    <Filter Include="Source\DataModels\DX12\DescriptorAllocator">
      <UniqueIdentifier>{736647ae-5df4-4029-9b49-8ccf74249af9}</UniqueIdentifier>
    </Filter>
    <Filter Include="Source\DataModels\DX12\DynamicDescriptorHeap">
      <UniqueIdentifier>{7cff245e-c232-44ee-bf21-6038cabc4326}</UniqueIdentifier>
    </Filter>
    <Filter Include="Source\DataModels\DX12\RootSignature">
      <UniqueIdentifier>{9fb71034-a18f-4794-99e5-a460e7be84a2}</UniqueIdentifier>
    </Filter>
    <Filter Include="Source\DataModels\DX12\CommandList">
      <UniqueIdentifier>{6e5ef316-533c-41a9-b622-69e4fcde14d7}</UniqueIdentifier>
    </Filter>
  </ItemGroup>
  <ItemGroup>
    <ClCompile Include="Source\Application.cpp">
      <Filter>Source</Filter>
    </ClCompile>
    <ClCompile Include="Source\Pch.cpp">
      <Filter>Source</Filter>
    </ClCompile>
    <ClCompile Include="Source\Main.cpp">
      <Filter>Source</Filter>
    </ClCompile>
    <ClCompile Include="Source\Modules\ModuleInput.cpp">
      <Filter>Source\Modules</Filter>
    </ClCompile>
    <ClCompile Include="Source\Modules\ModuleRender.cpp">
      <Filter>Source\Modules</Filter>
    </ClCompile>
    <ClCompile Include="Source\Modules\ModuleWindow.cpp">
      <Filter>Source\Modules</Filter>
    </ClCompile>
    <ClCompile Include="Source\Modules\ModuleProgram.cpp">
      <Filter>Source\Modules</Filter>
    </ClCompile>
    <ClCompile Include="Source\DataModels\Programs\Program.cpp">
      <Filter>Source\DataModels\Programs</Filter>
    </ClCompile>
    <ClCompile Include="Source\Modules\ModuleID3D12.cpp">
      <Filter>Source\Modules</Filter>
    </ClCompile>
    <ClCompile Include="Source\Auxiliar\Formatter.cpp">
      <Filter>Source\Auxiliar</Filter>
    </ClCompile>
    <ClCompile Include="Source\Auxiliar\Utils.cpp">
      <Filter>Source\Auxiliar</Filter>
    </ClCompile>
    <ClCompile Include="Source\Auxiliar\Log.cpp">
      <Filter>Source\Auxiliar</Filter>
    </ClCompile>
    <ClCompile Include="Source\Modules\ModuleCamera.cpp">
      <Filter>Source\Modules</Filter>
    </ClCompile>
    <ClCompile Include="Source\DataModels\DX12\CommandQueue\CommandQueue.cpp">
      <Filter>Source\DataModels\DX12\CommandQueue</Filter>
    </ClCompile>
    <ClCompile Include="Source\DataModels\Programs\ProgramDefault.cpp">
      <Filter>Source\DataModels\Programs</Filter>
    </ClCompile>
    <ClCompile Include="Source\DebugDrawPass.cpp">
      <Filter>Source</Filter>
    </ClCompile>
    <ClCompile Include="Source\DataModels\Timer\Timer.cpp">
      <Filter>Source\DataModels\Timer</Filter>
    </ClCompile>
    <ClCompile Include="Source\DataModels\DX12\UploadBuffer\UploadBuffer.cpp">
      <Filter>Source\DataModels\DX12\UploadBuffer</Filter>
    </ClCompile>
    <ClCompile Include="Source\DataModels\DX12\DescriptorAllocator\DescriptorAllocator.cpp">
      <Filter>Source\DataModels\DX12\DescriptorAllocator</Filter>
    </ClCompile>
    <ClCompile Include="Source\DataModels\DX12\DescriptorAllocator\DescriptorAllocation.cpp">
      <Filter>Source\DataModels\DX12\DescriptorAllocator</Filter>
    </ClCompile>
    <ClCompile Include="Source\DataModels\DX12\DescriptorAllocator\DescriptorAllocatorPage.cpp">
      <Filter>Source\DataModels\DX12\DescriptorAllocator</Filter>
    </ClCompile>
    <ClCompile Include="Source\DataModels\DX12\DynamicDescriptorHeap\DynamicDescriptorHeap.cpp">
      <Filter>Source\DataModels\DX12\DynamicDescriptorHeap</Filter>
    </ClCompile>
    <ClCompile Include="Source\DataModels\DX12\RootSignature\RootSignature.cpp">
      <Filter>Source\DataModels\DX12\RootSignature</Filter>
    </ClCompile>
    <ClCompile Include="Source\DataModels\DX12\CommandList\CommandList.cpp">
      <Filter>Source\DataModels\DX12\CommandList</Filter>
    </ClCompile>
  </ItemGroup>
  <ItemGroup>
    <ClInclude Include="Source\Application.h">
      <Filter>Source</Filter>
    </ClInclude>
    <ClInclude Include="Source\Pch.h">
      <Filter>Source</Filter>
    </ClInclude>
    <ClInclude Include="Source\Modules\Module.h">
      <Filter>Source\Modules</Filter>
    </ClInclude>
    <ClInclude Include="Source\Modules\ModuleInput.h">
      <Filter>Source\Modules</Filter>
    </ClInclude>
    <ClInclude Include="Source\Enums\ModuleType.h">
      <Filter>Source\Enums</Filter>
    </ClInclude>
    <ClInclude Include="Source\Enums\UpdateStatus.h">
      <Filter>Source\Enums</Filter>
    </ClInclude>
    <ClInclude Include="Source\Modules\ModuleRender.h">
      <Filter>Source\Modules</Filter>
    </ClInclude>
    <ClInclude Include="Source\Modules\ModuleWindow.h">
      <Filter>Source\Modules</Filter>
    </ClInclude>
    <ClInclude Include="Source\Modules\ModuleProgram.h">
      <Filter>Source\Modules</Filter>
    </ClInclude>
    <ClInclude Include="Source\DataModels\Programs\Program.h">
      <Filter>Source\DataModels\Programs</Filter>
    </ClInclude>
    <ClInclude Include="Source\Modules\ModuleID3D12.h">
      <Filter>Source\Modules</Filter>
    </ClInclude>
    <ClInclude Include="Source\Auxiliar\Formatter.h">
      <Filter>Source\Auxiliar</Filter>
    </ClInclude>
    <ClInclude Include="Source\Auxiliar\Utils.h">
      <Filter>Source\Auxiliar</Filter>
    </ClInclude>
    <ClInclude Include="Source\Auxiliar\ChironTodo.h">
      <Filter>Source\Auxiliar</Filter>
    </ClInclude>
    <ClInclude Include="Source\Auxiliar\Log.h">
      <Filter>Source\Auxiliar</Filter>
    </ClInclude>
    <ClInclude Include="Source\Globals.h">
      <Filter>Source</Filter>
    </ClInclude>
    <ClInclude Include="Source\Modules\ModuleCamera.h">
      <Filter>Source\Modules</Filter>
    </ClInclude>
    <ClInclude Include="Source\DataModels\DX12\CommandQueue\CommandQueue.h">
      <Filter>Source\DataModels\DX12\CommandQueue</Filter>
    </ClInclude>
    <ClInclude Include="Source\DataModels\Programs\ProgramDefault.h">
      <Filter>Source\DataModels\Programs</Filter>
    </ClInclude>
    <ClInclude Include="Source\DebugDrawPass.h">
      <Filter>Source</Filter>
    </ClInclude>
    <ClInclude Include="Source\debug_draw.hpp">
      <Filter>Source</Filter>
    </ClInclude>
    <ClInclude Include="Source\DataModels\Timer\Timer.h">
      <Filter>Source\DataModels\Timer</Filter>
    </ClInclude>
    <ClInclude Include="Source\d3dx12.h" />
    <ClInclude Include="Source\DataModels\DX12\UploadBuffer\UploadBuffer.h">
      <Filter>Source\DataModels\DX12\UploadBuffer</Filter>
    </ClInclude>
    <ClInclude Include="Source\DataModels\DX12\DescriptorAllocator\DescriptorAllocator.h">
      <Filter>Source\DataModels\DX12\DescriptorAllocator</Filter>
    </ClInclude>
    <ClInclude Include="Source\DataModels\DX12\DescriptorAllocator\DescriptorAllocation.h">
      <Filter>Source\DataModels\DX12\DescriptorAllocator</Filter>
    </ClInclude>
    <ClInclude Include="Source\DataModels\DX12\DescriptorAllocator\DescriptorAllocatorPage.h">
      <Filter>Source\DataModels\DX12\DescriptorAllocator</Filter>
    </ClInclude>
    <ClInclude Include="Source\DataModels\DX12\DynamicDescriptorHeap\DynamicDescriptorHeap.h">
      <Filter>Source\DataModels\DX12\DynamicDescriptorHeap</Filter>
    </ClInclude>
    <ClInclude Include="Source\DataModels\DX12\RootSignature\RootSignature.h">
      <Filter>Source\DataModels\DX12\RootSignature</Filter>
    </ClInclude>
    <ClInclude Include="Source\DataModels\DX12\CommandList\CommandList.h">
      <Filter>Source\DataModels\DX12\CommandList</Filter>
    </ClInclude>
  </ItemGroup>
</Project>